// !$*UTF8*$!
{
	archiveVersion = 1;
	classes = {
	};
	objectVersion = 50;
	objects = {

/* Begin PBXBuildFile section */
		F1A1A2C42552BC6F003F43AD /* AppDelegate.swift in Sources */ = {isa = PBXBuildFile; fileRef = F1A1A2C32552BC6F003F43AD /* AppDelegate.swift */; };
		F1A1A2C62552BC6F003F43AD /* SceneDelegate.swift in Sources */ = {isa = PBXBuildFile; fileRef = F1A1A2C52552BC6F003F43AD /* SceneDelegate.swift */; };
		F1A1A2C82552BC6F003F43AD /* ViewController.swift in Sources */ = {isa = PBXBuildFile; fileRef = F1A1A2C72552BC6F003F43AD /* ViewController.swift */; };
		F1A1A2CB2552BC6F003F43AD /* Main.storyboard in Resources */ = {isa = PBXBuildFile; fileRef = F1A1A2C92552BC6F003F43AD /* Main.storyboard */; };
		F1A1A2CD2552BC75003F43AD /* Assets.xcassets in Resources */ = {isa = PBXBuildFile; fileRef = F1A1A2CC2552BC75003F43AD /* Assets.xcassets */; };
		F1A1A2D02552BC75003F43AD /* LaunchScreen.storyboard in Resources */ = {isa = PBXBuildFile; fileRef = F1A1A2CE2552BC75003F43AD /* LaunchScreen.storyboard */; };
		F1A1A2D92552BD7B003F43AD /* NextViewController.swift in Sources */ = {isa = PBXBuildFile; fileRef = F1A1A2D82552BD7B003F43AD /* NextViewController.swift */; };
/* End PBXBuildFile section */

/* Begin PBXFileReference section */
		F1A1A2C02552BC6F003F43AD /* Swift5TableViewBasic.app */ = {isa = PBXFileReference; explicitFileType = wrapper.application; includeInIndex = 0; path = Swift5TableViewBasic.app; sourceTree = BUILT_PRODUCTS_DIR; };
		F1A1A2C32552BC6F003F43AD /* AppDelegate.swift */ = {isa = PBXFileReference; lastKnownFileType = sourcecode.swift; path = AppDelegate.swift; sourceTree = "<group>"; };
		F1A1A2C52552BC6F003F43AD /* SceneDelegate.swift */ = {isa = PBXFileReference; lastKnownFileType = sourcecode.swift; path = SceneDelegate.swift; sourceTree = "<group>"; };
		F1A1A2C72552BC6F003F43AD /* ViewController.swift */ = {isa = PBXFileReference; lastKnownFileType = sourcecode.swift; path = ViewController.swift; sourceTree = "<group>"; };
		F1A1A2CA2552BC6F003F43AD /* Base */ = {isa = PBXFileReference; lastKnownFileType = file.storyboard; name = Base; path = Base.lproj/Main.storyboard; sourceTree = "<group>"; };
		F1A1A2CC2552BC75003F43AD /* Assets.xcassets */ = {isa = PBXFileReference; lastKnownFileType = folder.assetcatalog; path = Assets.xcassets; sourceTree = "<group>"; };
		F1A1A2CF2552BC75003F43AD /* Base */ = {isa = PBXFileReference; lastKnownFileType = file.storyboard; name = Base; path = Base.lproj/LaunchScreen.storyboard; sourceTree = "<group>"; };
		F1A1A2D12552BC75003F43AD /* Info.plist */ = {isa = PBXFileReference; lastKnownFileType = text.plist.xml; path = Info.plist; sourceTree = "<group>"; };
		F1A1A2D82552BD7B003F43AD /* NextViewController.swift */ = {isa = PBXFileReference; lastKnownFileType = sourcecode.swift; path = NextViewController.swift; sourceTree = "<group>"; };
/* End PBXFileReference section */

/* Begin PBXFrameworksBuildPhase section */
		F1A1A2BD2552BC6F003F43AD /* Frameworks */ = {
			isa = PBXFrameworksBuildPhase;
			buildActionMask = 2147483647;
			files = (
			);
			runOnlyForDeploymentPostprocessing = 0;
		};
/* End PBXFrameworksBuildPhase section */

/* Begin PBXGroup section */
		F1A1A2B72552BC6F003F43AD = {
			isa = PBXGroup;
			children = (
				F1A1A2C22552BC6F003F43AD /* Swift5TableViewBasic */,
				F1A1A2C12552BC6F003F43AD /* Products */,
			);
			sourceTree = "<group>";
		};
		F1A1A2C12552BC6F003F43AD /* Products */ = {
			isa = PBXGroup;
			children = (
				F1A1A2C02552BC6F003F43AD /* Swift5TableViewBasic.app */,
			);
			name = Products;
			sourceTree = "<group>";
		};
		F1A1A2C22552BC6F003F43AD /* Swift5TableViewBasic */ = {
			isa = PBXGroup;
			children = (
				F1A1A2C32552BC6F003F43AD /* AppDelegate.swift */,
				F1A1A2C52552BC6F003F43AD /* SceneDelegate.swift */,
				F1A1A2C72552BC6F003F43AD /* ViewController.swift */,
				F1A1A2D82552BD7B003F43AD /* NextViewController.swift */,
				F1A1A2C92552BC6F003F43AD /* Main.storyboard */,
				F1A1A2CC2552BC75003F43AD /* Assets.xcassets */,
				F1A1A2CE2552BC75003F43AD /* LaunchScreen.storyboard */,
				F1A1A2D12552BC75003F43AD /* Info.plist */,
			);
			path = Swift5TableViewBasic;
			sourceTree = "<group>";
		};
/* End PBXGroup section */

/* Begin PBXNativeTarget section */
		F1A1A2BF2552BC6F003F43AD /* Swift5TableViewBasic */ = {
			isa = PBXNativeTarget;
			buildConfigurationList = F1A1A2D42552BC75003F43AD /* Build configuration list for PBXNativeTarget "Swift5TableViewBasic" */;
			buildPhases = (
				F1A1A2BC2552BC6F003F43AD /* Sources */,
				F1A1A2BD2552BC6F003F43AD /* Frameworks */,
				F1A1A2BE2552BC6F003F43AD /* Resources */,
			);
			buildRules = (
			);
			dependencies = (
			);
			name = Swift5TableViewBasic;
			productName = Swift5TableViewBasic;
			productReference = F1A1A2C02552BC6F003F43AD /* Swift5TableViewBasic.app */;
			productType = "com.apple.product-type.application";
		};
/* End PBXNativeTarget section */

/* Begin PBXProject section */
		F1A1A2B82552BC6F003F43AD /* Project object */ = {
			isa = PBXProject;
			attributes = {
				LastSwiftUpdateCheck = 1210;
				LastUpgradeCheck = 1210;
				TargetAttributes = {
					F1A1A2BF2552BC6F003F43AD = {
						CreatedOnToolsVersion = 12.1;
					};
				};
			};
			buildConfigurationList = F1A1A2BB2552BC6F003F43AD /* Build configuration list for PBXProject "Swift5TableViewBasic" */;
			compatibilityVersion = "Xcode 9.3";
			developmentRegion = en;
			hasScannedForEncodings = 0;
			knownRegions = (
				en,
				Base,
			);
			mainGroup = F1A1A2B72552BC6F003F43AD;
			productRefGroup = F1A1A2C12552BC6F003F43AD /* Products */;
			projectDirPath = "";
			projectRoot = "";
			targets = (
				F1A1A2BF2552BC6F003F43AD /* Swift5TableViewBasic */,
			);
		};
/* End PBXProject section */

/* Begin PBXResourcesBuildPhase section */
		F1A1A2BE2552BC6F003F43AD /* Resources */ = {
			isa = PBXResourcesBuildPhase;
			buildActionMask = 2147483647;
			files = (
				F1A1A2D02552BC75003F43AD /* LaunchScreen.storyboard in Resources */,
				F1A1A2CD2552BC75003F43AD /* Assets.xcassets in Resources */,
				F1A1A2CB2552BC6F003F43AD /* Main.storyboard in Resources */,
			);
			runOnlyForDeploymentPostprocessing = 0;
		};
/* End PBXResourcesBuildPhase section */

/* Begin PBXSourcesBuildPhase section */
		F1A1A2BC2552BC6F003F43AD /* Sources */ = {
			isa = PBXSourcesBuildPhase;
			buildActionMask = 2147483647;
			files = (
				F1A1A2C82552BC6F003F43AD /* ViewController.swift in Sources */,
				F1A1A2D92552BD7B003F43AD /* NextViewController.swift in Sources */,
				F1A1A2C42552BC6F003F43AD /* AppDelegate.swift in Sources */,
				F1A1A2C62552BC6F003F43AD /* SceneDelegate.swift in Sources */,
			);
			runOnlyForDeploymentPostprocessing = 0;
		};
/* End PBXSourcesBuildPhase section */

/* Begin PBXVariantGroup section */
		F1A1A2C92552BC6F003F43AD /* Main.storyboard */ = {
			isa = PBXVariantGroup;
			children = (
				F1A1A2CA2552BC6F003F43AD /* Base */,
			);
			name = Main.storyboard;
			sourceTree = "<group>";
		};
		F1A1A2CE2552BC75003F43AD /* LaunchScreen.storyboard */ = {
			isa = PBXVariantGroup;
			children = (
				F1A1A2CF2552BC75003F43AD /* Base */,
			);
			name = LaunchScreen.storyboard;
			sourceTree = "<group>";
		};
/* End PBXVariantGroup section */

/* Begin XCBuildConfiguration section */
		F1A1A2D22552BC75003F43AD /* Debug */ = {
			isa = XCBuildConfiguration;
			buildSettings = {
				ALWAYS_SEARCH_USER_PATHS = NO;
				CLANG_ANALYZER_NONNULL = YES;
				CLANG_ANALYZER_NUMBER_OBJECT_CONVERSION = YES_AGGRESSIVE;
				CLANG_CXX_LANGUAGE_STANDARD = "gnu++14";
				CLANG_CXX_LIBRARY = "libc++";
				CLANG_ENABLE_MODULES = YES;
				CLANG_ENABLE_OBJC_ARC = YES;
				CLANG_ENABLE_OBJC_WEAK = YES;
				CLANG_WARN_BLOCK_CAPTURE_AUTORELEASING = YES;
				CLANG_WARN_BOOL_CONVERSION = YES;
				CLANG_WARN_COMMA = YES;
				CLANG_WARN_CONSTANT_CONVERSION = YES;
				CLANG_WARN_DEPRECATED_OBJC_IMPLEMENTATIONS = YES;
				CLANG_WARN_DIRECT_OBJC_ISA_USAGE = YES_ERROR;
				CLANG_WARN_DOCUMENTATION_COMMENTS = YES;
				CLANG_WARN_EMPTY_BODY = YES;
				CLANG_WARN_ENUM_CONVERSION = YES;
				CLANG_WARN_INFINITE_RECURSION = YES;
				CLANG_WARN_INT_CONVERSION = YES;
				CLANG_WARN_NON_LITERAL_NULL_CONVERSION = YES;
				CLANG_WARN_OBJC_IMPLICIT_RETAIN_SELF = YES;
				CLANG_WARN_OBJC_LITERAL_CONVERSION = YES;
				CLANG_WARN_OBJC_ROOT_CLASS = YES_ERROR;
				CLANG_WARN_QUOTED_INCLUDE_IN_FRAMEWORK_HEADER = YES;
				CLANG_WARN_RANGE_LOOP_ANALYSIS = YES;
				CLANG_WARN_STRICT_PROTOTYPES = YES;
				CLANG_WARN_SUSPICIOUS_MOVE = YES;
				CLANG_WARN_UNGUARDED_AVAILABILITY = YES_AGGRESSIVE;
				CLANG_WARN_UNREACHABLE_CODE = YES;
				CLANG_WARN__DUPLICATE_METHOD_MATCH = YES;
				COPY_PHASE_STRIP = NO;
				DEBUG_INFORMATION_FORMAT = dwarf;
				ENABLE_STRICT_OBJC_MSGSEND = YES;
				ENABLE_TESTABILITY = YES;
				GCC_C_LANGUAGE_STANDARD = gnu11;
				GCC_DYNAMIC_NO_PIC = NO;
				GCC_NO_COMMON_BLOCKS = YES;
				GCC_OPTIMIZATION_LEVEL = 0;
				GCC_PREPROCESSOR_DEFINITIONS = (
					"DEBUG=1",
					"$(inherited)",
				);
				GCC_WARN_64_TO_32_BIT_CONVERSION = YES;
				GCC_WARN_ABOUT_RETURN_TYPE = YES_ERROR;
				GCC_WARN_UNDECLARED_SELECTOR = YES;
				GCC_WARN_UNINITIALIZED_AUTOS = YES_AGGRESSIVE;
				GCC_WARN_UNUSED_FUNCTION = YES;
				GCC_WARN_UNUSED_VARIABLE = YES;
				IPHONEOS_DEPLOYMENT_TARGET = 14.1;
				MTL_ENABLE_DEBUG_INFO = INCLUDE_SOURCE;
				MTL_FAST_MATH = YES;
				ONLY_ACTIVE_ARCH = YES;
				SDKROOT = iphoneos;
				SWIFT_ACTIVE_COMPILATION_CONDITIONS = DEBUG;
				SWIFT_OPTIMIZATION_LEVEL = "-Onone";
			};
			name = Debug;
		};
		F1A1A2D32552BC75003F43AD /* Release */ = {
			isa = XCBuildConfiguration;
			buildSettings = {
				ALWAYS_SEARCH_USER_PATHS = NO;
				CLANG_ANALYZER_NONNULL = YES;
				CLANG_ANALYZER_NUMBER_OBJECT_CONVERSION = YES_AGGRESSIVE;
				CLANG_CXX_LANGUAGE_STANDARD = "gnu++14";
				CLANG_CXX_LIBRARY = "libc++";
				CLANG_ENABLE_MODULES = YES;
				CLANG_ENABLE_OBJC_ARC = YES;
				CLANG_ENABLE_OBJC_WEAK = YES;
				CLANG_WARN_BLOCK_CAPTURE_AUTORELEASING = YES;
				CLANG_WARN_BOOL_CONVERSION = YES;
				CLANG_WARN_COMMA = YES;
				CLANG_WARN_CONSTANT_CONVERSION = YES;
				CLANG_WARN_DEPRECATED_OBJC_IMPLEMENTATIONS = YES;
				CLANG_WARN_DIRECT_OBJC_ISA_USAGE = YES_ERROR;
				CLANG_WARN_DOCUMENTATION_COMMENTS = YES;
				CLANG_WARN_EMPTY_BODY = YES;
				CLANG_WARN_ENUM_CONVERSION = YES;
				CLANG_WARN_INFINITE_RECURSION = YES;
				CLANG_WARN_INT_CONVERSION = YES;
				CLANG_WARN_NON_LITERAL_NULL_CONVERSION = YES;
				CLANG_WARN_OBJC_IMPLICIT_RETAIN_SELF = YES;
				CLANG_WARN_OBJC_LITERAL_CONVERSION = YES;
				CLANG_WARN_OBJC_ROOT_CLASS = YES_ERROR;
				CLANG_WARN_QUOTED_INCLUDE_IN_FRAMEWORK_HEADER = YES;
				CLANG_WARN_RANGE_LOOP_ANALYSIS = YES;
				CLANG_WARN_STRICT_PROTOTYPES = YES;
				CLANG_WARN_SUSPICIOUS_MOVE = YES;
				CLANG_WARN_UNGUARDED_AVAILABILITY = YES_AGGRESSIVE;
				CLANG_WARN_UNREACHABLE_CODE = YES;
				CLANG_WARN__DUPLICATE_METHOD_MATCH = YES;
				COPY_PHASE_STRIP = NO;
				DEBUG_INFORMATION_FORMAT = "dwarf-with-dsym";
				ENABLE_NS_ASSERTIONS = NO;
				ENABLE_STRICT_OBJC_MSGSEND = YES;
				GCC_C_LANGUAGE_STANDARD = gnu11;
				GCC_NO_COMMON_BLOCKS = YES;
				GCC_WARN_64_TO_32_BIT_CONVERSION = YES;
				GCC_WARN_ABOUT_RETURN_TYPE = YES_ERROR;
				GCC_WARN_UNDECLARED_SELECTOR = YES;
				GCC_WARN_UNINITIALIZED_AUTOS = YES_AGGRESSIVE;
				GCC_WARN_UNUSED_FUNCTION = YES;
				GCC_WARN_UNUSED_VARIABLE = YES;
				IPHONEOS_DEPLOYMENT_TARGET = 14.1;
				MTL_ENABLE_DEBUG_INFO = NO;
				MTL_FAST_MATH = YES;
				SDKROOT = iphoneos;
				SWIFT_COMPILATION_MODE = wholemodule;
				SWIFT_OPTIMIZATION_LEVEL = "-O";
				VALIDATE_PRODUCT = YES;
			};
			name = Release;
		};
		F1A1A2D52552BC75003F43AD /* Debug */ = {
			isa = XCBuildConfiguration;
			buildSettings = {
				ASSETCATALOG_COMPILER_APPICON_NAME = AppIcon;
				ASSETCATALOG_COMPILER_GLOBAL_ACCENT_COLOR_NAME = AccentColor;
				CODE_SIGN_STYLE = Automatic;
				DEVELOPMENT_TEAM = 78AWCZS479;
				INFOPLIST_FILE = Swift5TableViewBasic/Info.plist;
				LD_RUNPATH_SEARCH_PATHS = (
					"$(inherited)",
					"@executable_path/Frameworks",
				);
				PRODUCT_BUNDLE_IDENTIFIER = com.gmail.yamarei0802.Swift5TableViewBasic;
				PRODUCT_NAME = "$(TARGET_NAME)";
				SWIFT_VERSION = 5.0;
				TARGETED_DEVICE_FAMILY = 1;
			};
			name = Debug;
		};
		F1A1A2D62552BC75003F43AD /* Release */ = {
			isa = XCBuildConfiguration;
			buildSettings = {
				ASSETCATALOG_COMPILER_APPICON_NAME = AppIcon;
				ASSETCATALOG_COMPILER_GLOBAL_ACCENT_COLOR_NAME = AccentColor;
				CODE_SIGN_STYLE = Automatic;
				DEVELOPMENT_TEAM = 78AWCZS479;
				INFOPLIST_FILE = Swift5TableViewBasic/Info.plist;
				LD_RUNPATH_SEARCH_PATHS = (
					"$(inherited)",
					"@executable_path/Frameworks",
				);
				PRODUCT_BUNDLE_IDENTIFIER = com.gmail.yamarei0802.Swift5TableViewBasic;
				PRODUCT_NAME = "$(TARGET_NAME)";
				SWIFT_VERSION = 5.0;
				TARGETED_DEVICE_FAMILY = 1;
			};
			name = Release;
		};
/* End XCBuildConfiguration section */

/* Begin XCConfigurationList section */
		F1A1A2BB2552BC6F003F43AD /* Build configuration list for PBXProject "Swift5TableViewBasic" */ = {
			isa = XCConfigurationList;
			buildConfigurations = (
				F1A1A2D22552BC75003F43AD /* Debug */,
				F1A1A2D32552BC75003F43AD /* Release */,
			);
			defaultConfigurationIsVisible = 0;
			defaultConfigurationName = Release;
		};
		F1A1A2D42552BC75003F43AD /* Build configuration list for PBXNativeTarget "Swift5TableViewBasic" */ = {
			isa = XCConfigurationList;
			buildConfigurations = (
				F1A1A2D52552BC75003F43AD /* Debug */,
				F1A1A2D62552BC75003F43AD /* Release */,
			);
			defaultConfigurationIsVisible = 0;
			defaultConfigurationName = Release;
		};
/* End XCConfigurationList section */
	};
	rootObject = F1A1A2B82552BC6F003F43AD /* Project object */;
}
